{
  "name": "ideate-core",
  "version": "0.3.0",
  "lockfileVersion": 3,
  "requires": true,
  "packages": {
    "": {
      "name": "ideate-core",
      "version": "0.3.0",
      "license": "Apache-2.0",
      "bin": {
        "ideate": "bin/ideate.mjs"
      },
      "engines": {
        "node": ">=20"
      }
    }
  }
}
